
Microsoft Visual Studio Solution File, Format Version 12.00
# Visual Studio Version 17
VisualStudioVersion = 17.7.34221.43
MinimumVisualStudioVersion = 10.0.40219.1
Project("{8BC9CEB8-8B4A-11D0-8D11-00A0C91BC942}") = "Project4_Group7", "Project4_Group7\Project4_Group7.vcxproj", "{73509E37-E3ED-436E-A15A-A4D7EEFE1C57}"
EndProject
Project("{9A19103F-16F7-4668-BE54-9A1E7A4F7556}") = "Swapify_Server", "Swapify_Server\Swapify_Server.csproj", "{E0D556C9-3567-404D-A527-526DDB84D777}"
EndProject
Project("{9A19103F-16F7-4668-BE54-9A1E7A4F7556}") = "WPF_Front-End", "WPF_Front-End\WPF_Front-End.csproj", "{4E3F63FC-822B-4475-8491-668BA9BEA268}"
EndProject
Project("{8BC9CEB8-8B4A-11D0-8D11-00A0C91BC942}") = "TCP_Client", "TCP_Client\TCP_Client.vcxproj", "{3372C0DE-1A67-44A8-80EB-1C5F5528D933}"
EndProject
Project("{8BC9CEB8-8B4A-11D0-8D11-00A0C91BC942}") = "Client_UnitTests", "Client_UnitTests\Client_UnitTests.vcxproj", "{BD5E49DD-BDBD-4C88-81CA-D0E1F7991963}"
EndProject
Project("{FAE04EC0-301F-11D3-BF4B-00C04F79EFBC}") = "SystemTests_TestStack", "SystemTests_TestStack\SystemTests_TestStack.csproj", "{A3751E5C-E092-4C6E-B673-C79BEE862AEC}"
EndProject
Global
	GlobalSection(SolutionConfigurationPlatforms) = preSolution
		Debug|Any CPU = Debug|Any CPU
		Debug|x64 = Debug|x64
		Debug|x86 = Debug|x86
		Release|Any CPU = Release|Any CPU
		Release|x64 = Release|x64
		Release|x86 = Release|x86
	EndGlobalSection
	GlobalSection(ProjectConfigurationPlatforms) = postSolution
		{73509E37-E3ED-436E-A15A-A4D7EEFE1C57}.Debug|Any CPU.ActiveCfg = Debug|x64
		{73509E37-E3ED-436E-A15A-A4D7EEFE1C57}.Debug|Any CPU.Build.0 = Debug|x64
		{73509E37-E3ED-436E-A15A-A4D7EEFE1C57}.Debug|x64.ActiveCfg = Debug|x64
		{73509E37-E3ED-436E-A15A-A4D7EEFE1C57}.Debug|x64.Build.0 = Debug|x64
		{73509E37-E3ED-436E-A15A-A4D7EEFE1C57}.Debug|x86.ActiveCfg = Debug|Win32
		{73509E37-E3ED-436E-A15A-A4D7EEFE1C57}.Debug|x86.Build.0 = Debug|Win32
		{73509E37-E3ED-436E-A15A-A4D7EEFE1C57}.Release|Any CPU.ActiveCfg = Release|x64
		{73509E37-E3ED-436E-A15A-A4D7EEFE1C57}.Release|Any CPU.Build.0 = Release|x64
		{73509E37-E3ED-436E-A15A-A4D7EEFE1C57}.Release|x64.ActiveCfg = Release|x64
		{73509E37-E3ED-436E-A15A-A4D7EEFE1C57}.Release|x64.Build.0 = Release|x64
		{73509E37-E3ED-436E-A15A-A4D7EEFE1C57}.Release|x86.ActiveCfg = Release|Win32
		{73509E37-E3ED-436E-A15A-A4D7EEFE1C57}.Release|x86.Build.0 = Release|Win32
		{E0D556C9-3567-404D-A527-526DDB84D777}.Debug|Any CPU.ActiveCfg = Debug|Any CPU
		{E0D556C9-3567-404D-A527-526DDB84D777}.Debug|Any CPU.Build.0 = Debug|Any CPU
		{E0D556C9-3567-404D-A527-526DDB84D777}.Debug|x64.ActiveCfg = Debug|Any CPU
		{E0D556C9-3567-404D-A527-526DDB84D777}.Debug|x64.Build.0 = Debug|Any CPU
		{E0D556C9-3567-404D-A527-526DDB84D777}.Debug|x86.ActiveCfg = Debug|Any CPU
		{E0D556C9-3567-404D-A527-526DDB84D777}.Debug|x86.Build.0 = Debug|Any CPU
		{E0D556C9-3567-404D-A527-526DDB84D777}.Release|Any CPU.ActiveCfg = Release|Any CPU
		{E0D556C9-3567-404D-A527-526DDB84D777}.Release|Any CPU.Build.0 = Release|Any CPU
		{E0D556C9-3567-404D-A527-526DDB84D777}.Release|x64.ActiveCfg = Release|Any CPU
		{E0D556C9-3567-404D-A527-526DDB84D777}.Release|x64.Build.0 = Release|Any CPU
		{E0D556C9-3567-404D-A527-526DDB84D777}.Release|x86.ActiveCfg = Release|Any CPU
		{E0D556C9-3567-404D-A527-526DDB84D777}.Release|x86.Build.0 = Release|Any CPU
		{4E3F63FC-822B-4475-8491-668BA9BEA268}.Debug|Any CPU.ActiveCfg = Debug|Any CPU
		{4E3F63FC-822B-4475-8491-668BA9BEA268}.Debug|Any CPU.Build.0 = Debug|Any CPU
		{4E3F63FC-822B-4475-8491-668BA9BEA268}.Debug|x64.ActiveCfg = Debug|Any CPU
		{4E3F63FC-822B-4475-8491-668BA9BEA268}.Debug|x64.Build.0 = Debug|Any CPU
		{4E3F63FC-822B-4475-8491-668BA9BEA268}.Debug|x86.ActiveCfg = Debug|Any CPU
		{4E3F63FC-822B-4475-8491-668BA9BEA268}.Debug|x86.Build.0 = Debug|Any CPU
		{4E3F63FC-822B-4475-8491-668BA9BEA268}.Release|Any CPU.ActiveCfg = Release|Any CPU
		{4E3F63FC-822B-4475-8491-668BA9BEA268}.Release|Any CPU.Build.0 = Release|Any CPU
		{4E3F63FC-822B-4475-8491-668BA9BEA268}.Release|x64.ActiveCfg = Release|Any CPU
		{4E3F63FC-822B-4475-8491-668BA9BEA268}.Release|x64.Build.0 = Release|Any CPU
		{4E3F63FC-822B-4475-8491-668BA9BEA268}.Release|x86.ActiveCfg = Release|Any CPU
		{4E3F63FC-822B-4475-8491-668BA9BEA268}.Release|x86.Build.0 = Release|Any CPU
		{3372C0DE-1A67-44A8-80EB-1C5F5528D933}.Debug|Any CPU.ActiveCfg = Debug|x64
		{3372C0DE-1A67-44A8-80EB-1C5F5528D933}.Debug|Any CPU.Build.0 = Debug|x64
		{3372C0DE-1A67-44A8-80EB-1C5F5528D933}.Debug|x64.ActiveCfg = Debug|x64
		{3372C0DE-1A67-44A8-80EB-1C5F5528D933}.Debug|x64.Build.0 = Debug|x64
		{3372C0DE-1A67-44A8-80EB-1C5F5528D933}.Debug|x86.ActiveCfg = Debug|Win32
		{3372C0DE-1A67-44A8-80EB-1C5F5528D933}.Debug|x86.Build.0 = Debug|Win32
		{3372C0DE-1A67-44A8-80EB-1C5F5528D933}.Release|Any CPU.ActiveCfg = Release|x64
		{3372C0DE-1A67-44A8-80EB-1C5F5528D933}.Release|Any CPU.Build.0 = Release|x64
		{3372C0DE-1A67-44A8-80EB-1C5F5528D933}.Release|x64.ActiveCfg = Release|x64
		{3372C0DE-1A67-44A8-80EB-1C5F5528D933}.Release|x64.Build.0 = Release|x64
		{3372C0DE-1A67-44A8-80EB-1C5F5528D933}.Release|x86.ActiveCfg = Release|Win32
		{3372C0DE-1A67-44A8-80EB-1C5F5528D933}.Release|x86.Build.0 = Release|Win32
		{BD5E49DD-BDBD-4C88-81CA-D0E1F7991963}.Debug|Any CPU.ActiveCfg = Debug|x64
		{BD5E49DD-BDBD-4C88-81CA-D0E1F7991963}.Debug|Any CPU.Build.0 = Debug|x64
		{BD5E49DD-BDBD-4C88-81CA-D0E1F7991963}.Debug|x64.ActiveCfg = Debug|x64
		{BD5E49DD-BDBD-4C88-81CA-D0E1F7991963}.Debug|x64.Build.0 = Debug|x64
		{BD5E49DD-BDBD-4C88-81CA-D0E1F7991963}.Debug|x86.ActiveCfg = Debug|Win32
		{BD5E49DD-BDBD-4C88-81CA-D0E1F7991963}.Debug|x86.Build.0 = Debug|Win32
		{BD5E49DD-BDBD-4C88-81CA-D0E1F7991963}.Release|Any CPU.ActiveCfg = Release|x64
		{BD5E49DD-BDBD-4C88-81CA-D0E1F7991963}.Release|Any CPU.Build.0 = Release|x64
		{BD5E49DD-BDBD-4C88-81CA-D0E1F7991963}.Release|x64.ActiveCfg = Release|x64
		{BD5E49DD-BDBD-4C88-81CA-D0E1F7991963}.Release|x64.Build.0 = Release|x64
		{BD5E49DD-BDBD-4C88-81CA-D0E1F7991963}.Release|x86.ActiveCfg = Release|Win32
		{BD5E49DD-BDBD-4C88-81CA-D0E1F7991963}.Release|x86.Build.0 = Release|Win32
		{A3751E5C-E092-4C6E-B673-C79BEE862AEC}.Debug|Any CPU.ActiveCfg = Debug|Any CPU
		{A3751E5C-E092-4C6E-B673-C79BEE862AEC}.Debug|Any CPU.Build.0 = Debug|Any CPU
		{A3751E5C-E092-4C6E-B673-C79BEE862AEC}.Debug|x64.ActiveCfg = Debug|Any CPU
		{A3751E5C-E092-4C6E-B673-C79BEE862AEC}.Debug|x64.Build.0 = Debug|Any CPU
		{A3751E5C-E092-4C6E-B673-C79BEE862AEC}.Debug|x86.ActiveCfg = Debug|Any CPU
		{A3751E5C-E092-4C6E-B673-C79BEE862AEC}.Debug|x86.Build.0 = Debug|Any CPU
		{A3751E5C-E092-4C6E-B673-C79BEE862AEC}.Release|Any CPU.ActiveCfg = Release|Any CPU
		{A3751E5C-E092-4C6E-B673-C79BEE862AEC}.Release|Any CPU.Build.0 = Release|Any CPU
		{A3751E5C-E092-4C6E-B673-C79BEE862AEC}.Release|x64.ActiveCfg = Release|Any CPU
		{A3751E5C-E092-4C6E-B673-C79BEE862AEC}.Release|x64.Build.0 = Release|Any CPU
		{A3751E5C-E092-4C6E-B673-C79BEE862AEC}.Release|x86.ActiveCfg = Release|Any CPU
		{A3751E5C-E092-4C6E-B673-C79BEE862AEC}.Release|x86.Build.0 = Release|Any CPU
	EndGlobalSection
	GlobalSection(SolutionProperties) = preSolution
		HideSolutionNode = FALSE
	EndGlobalSection
	GlobalSection(ExtensibilityGlobals) = postSolution
		SolutionGuid = {43F0A729-8F7D-4E5B-B506-FF252B452474}
	EndGlobalSection
EndGlobal
