
Microsoft Visual Studio Solution File, Format Version 12.00
# Visual Studio Version 17
VisualStudioVersion = 17.8.34525.116
MinimumVisualStudioVersion = 10.0.40219.1
Project("{8BC9CEB8-8B4A-11D0-8D11-00A0C91BC942}") = "SwapifyServer", "SwapifyServer\SwapifyServer.vcxproj", "{229AD04C-7357-4A88-A7F9-571F552C1BFA}"
EndProject
Project("{8BC9CEB8-8B4A-11D0-8D11-00A0C91BC942}") = "SwapifyServer.Tests", "SwapifyServer.Tests\SwapifyServer.Tests.vcxproj", "{5CC9C58F-9A86-4EBA-8197-7CD142F53C35}"
EndProject
Project("{8BC9CEB8-8B4A-11D0-8D11-00A0C91BC942}") = "Swapify_Server.integration_tests", "Swapify_Server.integration_tests\Swapify_Server.integration_tests.vcxproj", "{2FAA8452-761D-415A-BCDB-951ECE320A13}"
EndProject
Global
	GlobalSection(SolutionConfigurationPlatforms) = preSolution
		Debug|x64 = Debug|x64
		Debug|x86 = Debug|x86
		Release|x64 = Release|x64
		Release|x86 = Release|x86
	EndGlobalSection
	GlobalSection(ProjectConfigurationPlatforms) = postSolution
		{229AD04C-7357-4A88-A7F9-571F552C1BFA}.Debug|x64.ActiveCfg = Debug|x64
		{229AD04C-7357-4A88-A7F9-571F552C1BFA}.Debug|x64.Build.0 = Debug|x64
		{229AD04C-7357-4A88-A7F9-571F552C1BFA}.Debug|x86.ActiveCfg = Debug|Win32
		{229AD04C-7357-4A88-A7F9-571F552C1BFA}.Debug|x86.Build.0 = Debug|Win32
		{229AD04C-7357-4A88-A7F9-571F552C1BFA}.Release|x64.ActiveCfg = Release|x64
		{229AD04C-7357-4A88-A7F9-571F552C1BFA}.Release|x64.Build.0 = Release|x64
		{229AD04C-7357-4A88-A7F9-571F552C1BFA}.Release|x86.ActiveCfg = Release|Win32
		{229AD04C-7357-4A88-A7F9-571F552C1BFA}.Release|x86.Build.0 = Release|Win32
		{5CC9C58F-9A86-4EBA-8197-7CD142F53C35}.Debug|x64.ActiveCfg = Debug|x64
		{5CC9C58F-9A86-4EBA-8197-7CD142F53C35}.Debug|x64.Build.0 = Debug|x64
		{5CC9C58F-9A86-4EBA-8197-7CD142F53C35}.Debug|x86.ActiveCfg = Debug|Win32
		{5CC9C58F-9A86-4EBA-8197-7CD142F53C35}.Debug|x86.Build.0 = Debug|Win32
		{5CC9C58F-9A86-4EBA-8197-7CD142F53C35}.Release|x64.ActiveCfg = Release|x64
		{5CC9C58F-9A86-4EBA-8197-7CD142F53C35}.Release|x64.Build.0 = Release|x64
		{5CC9C58F-9A86-4EBA-8197-7CD142F53C35}.Release|x86.ActiveCfg = Release|Win32
		{5CC9C58F-9A86-4EBA-8197-7CD142F53C35}.Release|x86.Build.0 = Release|Win32
		{2FAA8452-761D-415A-BCDB-951ECE320A13}.Debug|x64.ActiveCfg = Debug|x64
		{2FAA8452-761D-415A-BCDB-951ECE320A13}.Debug|x64.Build.0 = Debug|x64
		{2FAA8452-761D-415A-BCDB-951ECE320A13}.Debug|x86.ActiveCfg = Debug|Win32
		{2FAA8452-761D-415A-BCDB-951ECE320A13}.Debug|x86.Build.0 = Debug|Win32
		{2FAA8452-761D-415A-BCDB-951ECE320A13}.Release|x64.ActiveCfg = Release|x64
		{2FAA8452-761D-415A-BCDB-951ECE320A13}.Release|x64.Build.0 = Release|x64
		{2FAA8452-761D-415A-BCDB-951ECE320A13}.Release|x86.ActiveCfg = Release|Win32
		{2FAA8452-761D-415A-BCDB-951ECE320A13}.Release|x86.Build.0 = Release|Win32
	EndGlobalSection
	GlobalSection(SolutionProperties) = preSolution
		HideSolutionNode = FALSE
	EndGlobalSection
	GlobalSection(ExtensibilityGlobals) = postSolution
		SolutionGuid = {FF795C91-F59F-445A-ACD2-CB275D591D71}
	EndGlobalSection
EndGlobal
